
Microsoft Visual Studio Solution File, Format Version 12.00
# Visual Studio Version 16
VisualStudioVersion = 16.0.34301.259
MinimumVisualStudioVersion = 10.0.40219.1
Project("{2150E333-8FDC-42A3-9474-1A3956D46DE8}") = "Task0", "Task0", "{7F5129C0-F14F-414C-9A7A-6A50ACF93CA4}"
EndProject
Project("{FAE04EC0-301F-11D3-BF4B-00C04F79EFBC}") = "Tyuiu.MusaevRS.Sprint6.Task0.V28", "Tyuiu.MusaevRS.Sprint6.Task0.V28\Tyuiu.MusaevRS.Sprint6.Task0.V28.csproj", "{3F2DAC72-BE89-4010-A5CC-F5A5F8CB12BF}"
EndProject
Project("{FAE04EC0-301F-11D3-BF4B-00C04F79EFBC}") = "Tyuiu.MusaevRS.Sprint6.Task0.V28.Lib", "Tyuiu.MusaevRS.Sprint6.Task0.V28.Lib\Tyuiu.MusaevRS.Sprint6.Task0.V28.Lib.csproj", "{72A396C5-8063-4287-B129-3F21D8540652}"
EndProject
Project("{FAE04EC0-301F-11D3-BF4B-00C04F79EFBC}") = "Tyuiu.MusaevRS.Sprint6.Task0.V28.Test", "Tyuiu.MusaevRS.Sprint6.Task0.V28.Test\Tyuiu.MusaevRS.Sprint6.Task0.V28.Test.csproj", "{E46C6F57-1E93-4EB2-93C4-6541DC39E082}"
EndProject
Project("{2150E333-8FDC-42A3-9474-1A3956D46DE8}") = "Task1", "Task1", "{8EF3D071-3951-49F4-B615-4AD1C61F0832}"
EndProject
Project("{FAE04EC0-301F-11D3-BF4B-00C04F79EFBC}") = "Tyuiu.MusaevRS.Sprint6.Task1.V1", "Tyuiu.MusaevRS.Sprint6.Task1.V1\Tyuiu.MusaevRS.Sprint6.Task1.V1.csproj", "{AD6803DF-974E-4C59-8117-87308A125719}"
EndProject
Project("{FAE04EC0-301F-11D3-BF4B-00C04F79EFBC}") = "Tyuiu.MusaevRS.Sprint6.Task1.V1.Test", "Tyuiu.MusaevRS.Sprint6.Task1.V1.Test\Tyuiu.MusaevRS.Sprint6.Task1.V1.Test.csproj", "{0BAF8818-5AF6-4BCA-AFFE-5E22B9FC6628}"
EndProject
Project("{FAE04EC0-301F-11D3-BF4B-00C04F79EFBC}") = "Tyuiu.MusaevRS.Sprint6.Task1.V1.Lib", "Tyuiu.MusaevRS.Sprint6.Task1.V1.Lib\Tyuiu.MusaevRS.Sprint6.Task1.V1.Lib.csproj", "{401EA5A9-83F9-4E17-9B51-DA3528EEC5F9}"
EndProject
Project("{2150E333-8FDC-42A3-9474-1A3956D46DE8}") = "Task2", "Task2", "{9EC10928-B519-40F8-BB5E-454F2B65B137}"
EndProject
Project("{FAE04EC0-301F-11D3-BF4B-00C04F79EFBC}") = "Tyuiu.MusaevRS.Sprint6.Task2.V9.Lib", "Tyuiu.MusaevRS.Sprint6.Task2.V9.Lib\Tyuiu.MusaevRS.Sprint6.Task2.V9.Lib.csproj", "{5F0CACAC-E189-4467-96E9-658B17A1E8E6}"
EndProject
Project("{FAE04EC0-301F-11D3-BF4B-00C04F79EFBC}") = "Tyuiu.MusaevRS.Sprint6.Task2.V9.Test", "Tyuiu.MusaevRS.Sprint6.Task2.V9.Test\Tyuiu.MusaevRS.Sprint6.Task2.V9.Test.csproj", "{18D9CDD4-8822-4BE4-9A93-4026E6494116}"
EndProject
Project("{FAE04EC0-301F-11D3-BF4B-00C04F79EFBC}") = "Tyuiu.MusaevRS.Sprint6.Task2.V9", "Tyuiu.MusaevRS.Sprint6.Task2.V9\Tyuiu.MusaevRS.Sprint6.Task2.V9.csproj", "{D1435D89-FFCD-4582-9751-751E40459E79}"
EndProject
Global
	GlobalSection(SolutionConfigurationPlatforms) = preSolution
		Debug|Any CPU = Debug|Any CPU
		Release|Any CPU = Release|Any CPU
	EndGlobalSection
	GlobalSection(ProjectConfigurationPlatforms) = postSolution
		{3F2DAC72-BE89-4010-A5CC-F5A5F8CB12BF}.Debug|Any CPU.ActiveCfg = Debug|Any CPU
		{3F2DAC72-BE89-4010-A5CC-F5A5F8CB12BF}.Debug|Any CPU.Build.0 = Debug|Any CPU
		{3F2DAC72-BE89-4010-A5CC-F5A5F8CB12BF}.Release|Any CPU.ActiveCfg = Release|Any CPU
		{3F2DAC72-BE89-4010-A5CC-F5A5F8CB12BF}.Release|Any CPU.Build.0 = Release|Any CPU
		{72A396C5-8063-4287-B129-3F21D8540652}.Debug|Any CPU.ActiveCfg = Debug|Any CPU
		{72A396C5-8063-4287-B129-3F21D8540652}.Debug|Any CPU.Build.0 = Debug|Any CPU
		{72A396C5-8063-4287-B129-3F21D8540652}.Release|Any CPU.ActiveCfg = Release|Any CPU
		{72A396C5-8063-4287-B129-3F21D8540652}.Release|Any CPU.Build.0 = Release|Any CPU
		{E46C6F57-1E93-4EB2-93C4-6541DC39E082}.Debug|Any CPU.ActiveCfg = Debug|Any CPU
		{E46C6F57-1E93-4EB2-93C4-6541DC39E082}.Debug|Any CPU.Build.0 = Debug|Any CPU
		{E46C6F57-1E93-4EB2-93C4-6541DC39E082}.Release|Any CPU.ActiveCfg = Release|Any CPU
		{E46C6F57-1E93-4EB2-93C4-6541DC39E082}.Release|Any CPU.Build.0 = Release|Any CPU
		{AD6803DF-974E-4C59-8117-87308A125719}.Debug|Any CPU.ActiveCfg = Debug|Any CPU
		{AD6803DF-974E-4C59-8117-87308A125719}.Debug|Any CPU.Build.0 = Debug|Any CPU
		{AD6803DF-974E-4C59-8117-87308A125719}.Release|Any CPU.ActiveCfg = Release|Any CPU
		{AD6803DF-974E-4C59-8117-87308A125719}.Release|Any CPU.Build.0 = Release|Any CPU
		{0BAF8818-5AF6-4BCA-AFFE-5E22B9FC6628}.Debug|Any CPU.ActiveCfg = Debug|Any CPU
		{0BAF8818-5AF6-4BCA-AFFE-5E22B9FC6628}.Debug|Any CPU.Build.0 = Debug|Any CPU
		{0BAF8818-5AF6-4BCA-AFFE-5E22B9FC6628}.Release|Any CPU.ActiveCfg = Release|Any CPU
		{0BAF8818-5AF6-4BCA-AFFE-5E22B9FC6628}.Release|Any CPU.Build.0 = Release|Any CPU
		{401EA5A9-83F9-4E17-9B51-DA3528EEC5F9}.Debug|Any CPU.ActiveCfg = Debug|Any CPU
		{401EA5A9-83F9-4E17-9B51-DA3528EEC5F9}.Debug|Any CPU.Build.0 = Debug|Any CPU
		{401EA5A9-83F9-4E17-9B51-DA3528EEC5F9}.Release|Any CPU.ActiveCfg = Release|Any CPU
		{401EA5A9-83F9-4E17-9B51-DA3528EEC5F9}.Release|Any CPU.Build.0 = Release|Any CPU
		{5F0CACAC-E189-4467-96E9-658B17A1E8E6}.Debug|Any CPU.ActiveCfg = Debug|Any CPU
		{5F0CACAC-E189-4467-96E9-658B17A1E8E6}.Debug|Any CPU.Build.0 = Debug|Any CPU
		{5F0CACAC-E189-4467-96E9-658B17A1E8E6}.Release|Any CPU.ActiveCfg = Release|Any CPU
		{5F0CACAC-E189-4467-96E9-658B17A1E8E6}.Release|Any CPU.Build.0 = Release|Any CPU
		{18D9CDD4-8822-4BE4-9A93-4026E6494116}.Debug|Any CPU.ActiveCfg = Debug|Any CPU
		{18D9CDD4-8822-4BE4-9A93-4026E6494116}.Debug|Any CPU.Build.0 = Debug|Any CPU
		{18D9CDD4-8822-4BE4-9A93-4026E6494116}.Release|Any CPU.ActiveCfg = Release|Any CPU
		{18D9CDD4-8822-4BE4-9A93-4026E6494116}.Release|Any CPU.Build.0 = Release|Any CPU
		{D1435D89-FFCD-4582-9751-751E40459E79}.Debug|Any CPU.ActiveCfg = Debug|Any CPU
		{D1435D89-FFCD-4582-9751-751E40459E79}.Debug|Any CPU.Build.0 = Debug|Any CPU
		{D1435D89-FFCD-4582-9751-751E40459E79}.Release|Any CPU.ActiveCfg = Release|Any CPU
		{D1435D89-FFCD-4582-9751-751E40459E79}.Release|Any CPU.Build.0 = Release|Any CPU
	EndGlobalSection
	GlobalSection(SolutionProperties) = preSolution
		HideSolutionNode = FALSE
	EndGlobalSection
	GlobalSection(NestedProjects) = preSolution
		{3F2DAC72-BE89-4010-A5CC-F5A5F8CB12BF} = {7F5129C0-F14F-414C-9A7A-6A50ACF93CA4}
		{72A396C5-8063-4287-B129-3F21D8540652} = {7F5129C0-F14F-414C-9A7A-6A50ACF93CA4}
		{E46C6F57-1E93-4EB2-93C4-6541DC39E082} = {7F5129C0-F14F-414C-9A7A-6A50ACF93CA4}
		{AD6803DF-974E-4C59-8117-87308A125719} = {8EF3D071-3951-49F4-B615-4AD1C61F0832}
		{0BAF8818-5AF6-4BCA-AFFE-5E22B9FC6628} = {8EF3D071-3951-49F4-B615-4AD1C61F0832}
		{401EA5A9-83F9-4E17-9B51-DA3528EEC5F9} = {8EF3D071-3951-49F4-B615-4AD1C61F0832}
		{5F0CACAC-E189-4467-96E9-658B17A1E8E6} = {9EC10928-B519-40F8-BB5E-454F2B65B137}
		{18D9CDD4-8822-4BE4-9A93-4026E6494116} = {9EC10928-B519-40F8-BB5E-454F2B65B137}
		{D1435D89-FFCD-4582-9751-751E40459E79} = {9EC10928-B519-40F8-BB5E-454F2B65B137}
	EndGlobalSection
	GlobalSection(ExtensibilityGlobals) = postSolution
		SolutionGuid = {2E72AF9F-7937-4AA4-98F9-963E116F80E7}
	EndGlobalSection
EndGlobal
