
Microsoft Visual Studio Solution File, Format Version 12.00
# Visual Studio Version 16
VisualStudioVersion = 16.0.34301.259
MinimumVisualStudioVersion = 10.0.40219.1
Project("{2150E333-8FDC-42A3-9474-1A3956D46DE8}") = "Task0", "Task0", "{7F5129C0-F14F-414C-9A7A-6A50ACF93CA4}"
EndProject
Project("{FAE04EC0-301F-11D3-BF4B-00C04F79EFBC}") = "Tyuiu.MusaevRS.Sprint6.Task0.V28", "Tyuiu.MusaevRS.Sprint6.Task0.V28\Tyuiu.MusaevRS.Sprint6.Task0.V28.csproj", "{3F2DAC72-BE89-4010-A5CC-F5A5F8CB12BF}"
EndProject
Project("{FAE04EC0-301F-11D3-BF4B-00C04F79EFBC}") = "Tyuiu.MusaevRS.Sprint6.Task0.V28.Lib", "Tyuiu.MusaevRS.Sprint6.Task0.V28.Lib\Tyuiu.MusaevRS.Sprint6.Task0.V28.Lib.csproj", "{72A396C5-8063-4287-B129-3F21D8540652}"
EndProject
Project("{FAE04EC0-301F-11D3-BF4B-00C04F79EFBC}") = "Tyuiu.MusaevRS.Sprint6.Task0.V28.Test", "Tyuiu.MusaevRS.Sprint6.Task0.V28.Test\Tyuiu.MusaevRS.Sprint6.Task0.V28.Test.csproj", "{E46C6F57-1E93-4EB2-93C4-6541DC39E082}"
EndProject
Project("{2150E333-8FDC-42A3-9474-1A3956D46DE8}") = "Task1", "Task1", "{8EF3D071-3951-49F4-B615-4AD1C61F0832}"
EndProject
Project("{FAE04EC0-301F-11D3-BF4B-00C04F79EFBC}") = "Tyuiu.MusaevRS.Sprint6.Task1.V1", "Tyuiu.MusaevRS.Sprint6.Task1.V1\Tyuiu.MusaevRS.Sprint6.Task1.V1.csproj", "{AD6803DF-974E-4C59-8117-87308A125719}"
EndProject
Project("{FAE04EC0-301F-11D3-BF4B-00C04F79EFBC}") = "Tyuiu.MusaevRS.Sprint6.Task1.V1.Test", "Tyuiu.MusaevRS.Sprint6.Task1.V1.Test\Tyuiu.MusaevRS.Sprint6.Task1.V1.Test.csproj", "{0BAF8818-5AF6-4BCA-AFFE-5E22B9FC6628}"
EndProject
Project("{FAE04EC0-301F-11D3-BF4B-00C04F79EFBC}") = "Tyuiu.MusaevRS.Sprint6.Task1.V1.Lib", "Tyuiu.MusaevRS.Sprint6.Task1.V1.Lib\Tyuiu.MusaevRS.Sprint6.Task1.V1.Lib.csproj", "{401EA5A9-83F9-4E17-9B51-DA3528EEC5F9}"
EndProject
Project("{2150E333-8FDC-42A3-9474-1A3956D46DE8}") = "Task2", "Task2", "{9EC10928-B519-40F8-BB5E-454F2B65B137}"
EndProject
Project("{FAE04EC0-301F-11D3-BF4B-00C04F79EFBC}") = "Tyuiu.MusaevRS.Sprint6.Task2.V9.Lib", "Tyuiu.MusaevRS.Sprint6.Task2.V9.Lib\Tyuiu.MusaevRS.Sprint6.Task2.V9.Lib.csproj", "{5F0CACAC-E189-4467-96E9-658B17A1E8E6}"
EndProject
Project("{FAE04EC0-301F-11D3-BF4B-00C04F79EFBC}") = "Tyuiu.MusaevRS.Sprint6.Task2.V9.Test", "Tyuiu.MusaevRS.Sprint6.Task2.V9.Test\Tyuiu.MusaevRS.Sprint6.Task2.V9.Test.csproj", "{18D9CDD4-8822-4BE4-9A93-4026E6494116}"
EndProject
Project("{FAE04EC0-301F-11D3-BF4B-00C04F79EFBC}") = "Tyuiu.MusaevRS.Sprint6.Task2.V9", "Tyuiu.MusaevRS.Sprint6.Task2.V9\Tyuiu.MusaevRS.Sprint6.Task2.V9.csproj", "{D1435D89-FFCD-4582-9751-751E40459E79}"
EndProject
Project("{2150E333-8FDC-42A3-9474-1A3956D46DE8}") = "Task3", "Task3", "{EF7C1952-5E43-4D9C-BA0B-3226C5977D0B}"
EndProject
Project("{FAE04EC0-301F-11D3-BF4B-00C04F79EFBC}") = "Tyuiu.MusaevRS.Sprint6.Task3.V15.Lib", "Tyuiu.MusaevRS.Sprint6.Task3.V15.Lib\Tyuiu.MusaevRS.Sprint6.Task3.V15.Lib.csproj", "{51467331-EFF2-41F6-B6D6-D638CFAF95AC}"
EndProject
Project("{FAE04EC0-301F-11D3-BF4B-00C04F79EFBC}") = "Tyuiu.MusaevRS.Sprint6.Task3.V15", "Tyuiu.MusaevRS.Sprint6.Task3.V15\Tyuiu.MusaevRS.Sprint6.Task3.V15.csproj", "{486655EC-E23A-4F54-9364-8E149FC3E5B4}"
EndProject
Project("{FAE04EC0-301F-11D3-BF4B-00C04F79EFBC}") = "Tyuiu.MusaevRS.Sprint6.Task3.V15.Test", "Tyuiu.MusaevRS.Sprint6.Task3.V15.Test\Tyuiu.MusaevRS.Sprint6.Task3.V15.Test.csproj", "{A32B2AB1-C7F5-4B43-98BE-876F8DC9F859}"
EndProject
Project("{2150E333-8FDC-42A3-9474-1A3956D46DE8}") = "Task4", "Task4", "{C6A82346-FC67-45AF-A36D-3D5CE587A566}"
EndProject
Project("{FAE04EC0-301F-11D3-BF4B-00C04F79EFBC}") = "Tyuiu.MusaevRS.Sprint6.Task4.V26", "Tyuiu.MusaevRS.Sprint6.Task4.V26\Tyuiu.MusaevRS.Sprint6.Task4.V26.csproj", "{5821973D-BB27-4B4E-971D-EE2A6EDA74B7}"
EndProject
Project("{FAE04EC0-301F-11D3-BF4B-00C04F79EFBC}") = "Tyuiu.MusaevRS.Sprint6.Task4.V26.Lib", "Tyuiu.MusaevRS.Sprint6.Task4.V26.Lib\Tyuiu.MusaevRS.Sprint6.Task4.V26.Lib.csproj", "{C6560FFD-12D6-472C-8A32-F818B9AEC1D2}"
EndProject
Project("{FAE04EC0-301F-11D3-BF4B-00C04F79EFBC}") = "Tyuiu.MusaevRS.Sprint6.Task4.V26.Test", "Tyuiu.MusaevRS.Sprint6.Task4.V26.Test\Tyuiu.MusaevRS.Sprint6.Task4.V26.Test.csproj", "{05618CB7-58DA-4246-B374-8C2F1DF66A39}"
EndProject
Project("{2150E333-8FDC-42A3-9474-1A3956D46DE8}") = "Task5", "Task5", "{DA8E5C57-3D8C-4596-9B9C-7A8ACA83FFE5}"
EndProject
Project("{FAE04EC0-301F-11D3-BF4B-00C04F79EFBC}") = "Tyuiu.MusaevRS.Sprint6.Task5.V23", "Tyuiu.MusaevRS.Sprint6.Task5.V23\Tyuiu.MusaevRS.Sprint6.Task5.V23.csproj", "{06B948A8-DCF1-4017-8E99-223EBA7C6894}"
EndProject
Project("{FAE04EC0-301F-11D3-BF4B-00C04F79EFBC}") = "Tyuiu.MusaevRS.Sprint6.Task5.V23.Test", "Tyuiu.MusaevRS.Sprint6.Task5.V23.Test\Tyuiu.MusaevRS.Sprint6.Task5.V23.Test.csproj", "{37C75D10-7906-4E80-ACB0-FEDBAAD152A1}"
EndProject
Project("{FAE04EC0-301F-11D3-BF4B-00C04F79EFBC}") = "Tyuiu.MusaevRS.Sprint6.Task5.V23.Lib", "Tyuiu.MusaevRS.Sprint6.Task5.V23.Lib\Tyuiu.MusaevRS.Sprint6.Task5.V23.Lib.csproj", "{F9ADA156-0B34-4E6F-9DE4-24B0FCD662E3}"
EndProject
Project("{2150E333-8FDC-42A3-9474-1A3956D46DE8}") = "Task6", "Task6", "{7859D374-B205-4EF5-B281-5F84FD041601}"
EndProject
Project("{FAE04EC0-301F-11D3-BF4B-00C04F79EFBC}") = "Tyuiu.MusaevRS.Sprint6.Task6.V16.Lib", "Tyuiu.MusaevRS.Sprint6.Task6.V16.Lib\Tyuiu.MusaevRS.Sprint6.Task6.V16.Lib.csproj", "{44E3EE35-D3F6-4177-ACEA-7CC1767AFCD1}"
EndProject
Project("{FAE04EC0-301F-11D3-BF4B-00C04F79EFBC}") = "Tyuiu.MusaevRS.Sprint6.Task6.V16", "Tyuiu.MusaevRS.Sprint6.Task6.V16\Tyuiu.MusaevRS.Sprint6.Task6.V16.csproj", "{1CA43A6A-546F-483E-9E9E-330975832C00}"
EndProject
Project("{FAE04EC0-301F-11D3-BF4B-00C04F79EFBC}") = "Tyuiu.MusaevRS.Sprint6.Task6.V16.Test", "Tyuiu.MusaevRS.Sprint6.Task6.V16.Test\Tyuiu.MusaevRS.Sprint6.Task6.V16.Test.csproj", "{714E3D48-A421-4012-8C01-B74BB1A71071}"
EndProject
Project("{FAE04EC0-301F-11D3-BF4B-00C04F79EFBC}") = "xd", "xd\xd.csproj", "{BBC72135-E992-4156-B711-F2A49E329636}"
EndProject
Global
	GlobalSection(SolutionConfigurationPlatforms) = preSolution
		Debug|Any CPU = Debug|Any CPU
		Release|Any CPU = Release|Any CPU
	EndGlobalSection
	GlobalSection(ProjectConfigurationPlatforms) = postSolution
		{3F2DAC72-BE89-4010-A5CC-F5A5F8CB12BF}.Debug|Any CPU.ActiveCfg = Debug|Any CPU
		{3F2DAC72-BE89-4010-A5CC-F5A5F8CB12BF}.Debug|Any CPU.Build.0 = Debug|Any CPU
		{3F2DAC72-BE89-4010-A5CC-F5A5F8CB12BF}.Release|Any CPU.ActiveCfg = Release|Any CPU
		{3F2DAC72-BE89-4010-A5CC-F5A5F8CB12BF}.Release|Any CPU.Build.0 = Release|Any CPU
		{72A396C5-8063-4287-B129-3F21D8540652}.Debug|Any CPU.ActiveCfg = Debug|Any CPU
		{72A396C5-8063-4287-B129-3F21D8540652}.Debug|Any CPU.Build.0 = Debug|Any CPU
		{72A396C5-8063-4287-B129-3F21D8540652}.Release|Any CPU.ActiveCfg = Release|Any CPU
		{72A396C5-8063-4287-B129-3F21D8540652}.Release|Any CPU.Build.0 = Release|Any CPU
		{E46C6F57-1E93-4EB2-93C4-6541DC39E082}.Debug|Any CPU.ActiveCfg = Debug|Any CPU
		{E46C6F57-1E93-4EB2-93C4-6541DC39E082}.Debug|Any CPU.Build.0 = Debug|Any CPU
		{E46C6F57-1E93-4EB2-93C4-6541DC39E082}.Release|Any CPU.ActiveCfg = Release|Any CPU
		{E46C6F57-1E93-4EB2-93C4-6541DC39E082}.Release|Any CPU.Build.0 = Release|Any CPU
		{AD6803DF-974E-4C59-8117-87308A125719}.Debug|Any CPU.ActiveCfg = Debug|Any CPU
		{AD6803DF-974E-4C59-8117-87308A125719}.Debug|Any CPU.Build.0 = Debug|Any CPU
		{AD6803DF-974E-4C59-8117-87308A125719}.Release|Any CPU.ActiveCfg = Release|Any CPU
		{AD6803DF-974E-4C59-8117-87308A125719}.Release|Any CPU.Build.0 = Release|Any CPU
		{0BAF8818-5AF6-4BCA-AFFE-5E22B9FC6628}.Debug|Any CPU.ActiveCfg = Debug|Any CPU
		{0BAF8818-5AF6-4BCA-AFFE-5E22B9FC6628}.Debug|Any CPU.Build.0 = Debug|Any CPU
		{0BAF8818-5AF6-4BCA-AFFE-5E22B9FC6628}.Release|Any CPU.ActiveCfg = Release|Any CPU
		{0BAF8818-5AF6-4BCA-AFFE-5E22B9FC6628}.Release|Any CPU.Build.0 = Release|Any CPU
		{401EA5A9-83F9-4E17-9B51-DA3528EEC5F9}.Debug|Any CPU.ActiveCfg = Debug|Any CPU
		{401EA5A9-83F9-4E17-9B51-DA3528EEC5F9}.Debug|Any CPU.Build.0 = Debug|Any CPU
		{401EA5A9-83F9-4E17-9B51-DA3528EEC5F9}.Release|Any CPU.ActiveCfg = Release|Any CPU
		{401EA5A9-83F9-4E17-9B51-DA3528EEC5F9}.Release|Any CPU.Build.0 = Release|Any CPU
		{5F0CACAC-E189-4467-96E9-658B17A1E8E6}.Debug|Any CPU.ActiveCfg = Debug|Any CPU
		{5F0CACAC-E189-4467-96E9-658B17A1E8E6}.Debug|Any CPU.Build.0 = Debug|Any CPU
		{5F0CACAC-E189-4467-96E9-658B17A1E8E6}.Release|Any CPU.ActiveCfg = Release|Any CPU
		{5F0CACAC-E189-4467-96E9-658B17A1E8E6}.Release|Any CPU.Build.0 = Release|Any CPU
		{18D9CDD4-8822-4BE4-9A93-4026E6494116}.Debug|Any CPU.ActiveCfg = Debug|Any CPU
		{18D9CDD4-8822-4BE4-9A93-4026E6494116}.Debug|Any CPU.Build.0 = Debug|Any CPU
		{18D9CDD4-8822-4BE4-9A93-4026E6494116}.Release|Any CPU.ActiveCfg = Release|Any CPU
		{18D9CDD4-8822-4BE4-9A93-4026E6494116}.Release|Any CPU.Build.0 = Release|Any CPU
		{D1435D89-FFCD-4582-9751-751E40459E79}.Debug|Any CPU.ActiveCfg = Debug|Any CPU
		{D1435D89-FFCD-4582-9751-751E40459E79}.Debug|Any CPU.Build.0 = Debug|Any CPU
		{D1435D89-FFCD-4582-9751-751E40459E79}.Release|Any CPU.ActiveCfg = Release|Any CPU
		{D1435D89-FFCD-4582-9751-751E40459E79}.Release|Any CPU.Build.0 = Release|Any CPU
		{51467331-EFF2-41F6-B6D6-D638CFAF95AC}.Debug|Any CPU.ActiveCfg = Debug|Any CPU
		{51467331-EFF2-41F6-B6D6-D638CFAF95AC}.Debug|Any CPU.Build.0 = Debug|Any CPU
		{51467331-EFF2-41F6-B6D6-D638CFAF95AC}.Release|Any CPU.ActiveCfg = Release|Any CPU
		{51467331-EFF2-41F6-B6D6-D638CFAF95AC}.Release|Any CPU.Build.0 = Release|Any CPU
		{486655EC-E23A-4F54-9364-8E149FC3E5B4}.Debug|Any CPU.ActiveCfg = Debug|Any CPU
		{486655EC-E23A-4F54-9364-8E149FC3E5B4}.Debug|Any CPU.Build.0 = Debug|Any CPU
		{486655EC-E23A-4F54-9364-8E149FC3E5B4}.Release|Any CPU.ActiveCfg = Release|Any CPU
		{486655EC-E23A-4F54-9364-8E149FC3E5B4}.Release|Any CPU.Build.0 = Release|Any CPU
		{A32B2AB1-C7F5-4B43-98BE-876F8DC9F859}.Debug|Any CPU.ActiveCfg = Debug|Any CPU
		{A32B2AB1-C7F5-4B43-98BE-876F8DC9F859}.Debug|Any CPU.Build.0 = Debug|Any CPU
		{A32B2AB1-C7F5-4B43-98BE-876F8DC9F859}.Release|Any CPU.ActiveCfg = Release|Any CPU
		{A32B2AB1-C7F5-4B43-98BE-876F8DC9F859}.Release|Any CPU.Build.0 = Release|Any CPU
		{5821973D-BB27-4B4E-971D-EE2A6EDA74B7}.Debug|Any CPU.ActiveCfg = Debug|Any CPU
		{5821973D-BB27-4B4E-971D-EE2A6EDA74B7}.Debug|Any CPU.Build.0 = Debug|Any CPU
		{5821973D-BB27-4B4E-971D-EE2A6EDA74B7}.Release|Any CPU.ActiveCfg = Release|Any CPU
		{5821973D-BB27-4B4E-971D-EE2A6EDA74B7}.Release|Any CPU.Build.0 = Release|Any CPU
		{C6560FFD-12D6-472C-8A32-F818B9AEC1D2}.Debug|Any CPU.ActiveCfg = Debug|Any CPU
		{C6560FFD-12D6-472C-8A32-F818B9AEC1D2}.Debug|Any CPU.Build.0 = Debug|Any CPU
		{C6560FFD-12D6-472C-8A32-F818B9AEC1D2}.Release|Any CPU.ActiveCfg = Release|Any CPU
		{C6560FFD-12D6-472C-8A32-F818B9AEC1D2}.Release|Any CPU.Build.0 = Release|Any CPU
		{05618CB7-58DA-4246-B374-8C2F1DF66A39}.Debug|Any CPU.ActiveCfg = Debug|Any CPU
		{05618CB7-58DA-4246-B374-8C2F1DF66A39}.Debug|Any CPU.Build.0 = Debug|Any CPU
		{05618CB7-58DA-4246-B374-8C2F1DF66A39}.Release|Any CPU.ActiveCfg = Release|Any CPU
		{05618CB7-58DA-4246-B374-8C2F1DF66A39}.Release|Any CPU.Build.0 = Release|Any CPU
		{06B948A8-DCF1-4017-8E99-223EBA7C6894}.Debug|Any CPU.ActiveCfg = Debug|Any CPU
		{06B948A8-DCF1-4017-8E99-223EBA7C6894}.Debug|Any CPU.Build.0 = Debug|Any CPU
		{06B948A8-DCF1-4017-8E99-223EBA7C6894}.Release|Any CPU.ActiveCfg = Release|Any CPU
		{06B948A8-DCF1-4017-8E99-223EBA7C6894}.Release|Any CPU.Build.0 = Release|Any CPU
		{37C75D10-7906-4E80-ACB0-FEDBAAD152A1}.Debug|Any CPU.ActiveCfg = Debug|Any CPU
		{37C75D10-7906-4E80-ACB0-FEDBAAD152A1}.Debug|Any CPU.Build.0 = Debug|Any CPU
		{37C75D10-7906-4E80-ACB0-FEDBAAD152A1}.Release|Any CPU.ActiveCfg = Release|Any CPU
		{37C75D10-7906-4E80-ACB0-FEDBAAD152A1}.Release|Any CPU.Build.0 = Release|Any CPU
		{F9ADA156-0B34-4E6F-9DE4-24B0FCD662E3}.Debug|Any CPU.ActiveCfg = Debug|Any CPU
		{F9ADA156-0B34-4E6F-9DE4-24B0FCD662E3}.Debug|Any CPU.Build.0 = Debug|Any CPU
		{F9ADA156-0B34-4E6F-9DE4-24B0FCD662E3}.Release|Any CPU.ActiveCfg = Release|Any CPU
		{F9ADA156-0B34-4E6F-9DE4-24B0FCD662E3}.Release|Any CPU.Build.0 = Release|Any CPU
		{44E3EE35-D3F6-4177-ACEA-7CC1767AFCD1}.Debug|Any CPU.ActiveCfg = Debug|Any CPU
		{44E3EE35-D3F6-4177-ACEA-7CC1767AFCD1}.Debug|Any CPU.Build.0 = Debug|Any CPU
		{44E3EE35-D3F6-4177-ACEA-7CC1767AFCD1}.Release|Any CPU.ActiveCfg = Release|Any CPU
		{44E3EE35-D3F6-4177-ACEA-7CC1767AFCD1}.Release|Any CPU.Build.0 = Release|Any CPU
		{1CA43A6A-546F-483E-9E9E-330975832C00}.Debug|Any CPU.ActiveCfg = Debug|Any CPU
		{1CA43A6A-546F-483E-9E9E-330975832C00}.Debug|Any CPU.Build.0 = Debug|Any CPU
		{1CA43A6A-546F-483E-9E9E-330975832C00}.Release|Any CPU.ActiveCfg = Release|Any CPU
		{1CA43A6A-546F-483E-9E9E-330975832C00}.Release|Any CPU.Build.0 = Release|Any CPU
		{714E3D48-A421-4012-8C01-B74BB1A71071}.Debug|Any CPU.ActiveCfg = Debug|Any CPU
		{714E3D48-A421-4012-8C01-B74BB1A71071}.Debug|Any CPU.Build.0 = Debug|Any CPU
		{714E3D48-A421-4012-8C01-B74BB1A71071}.Release|Any CPU.ActiveCfg = Release|Any CPU
		{714E3D48-A421-4012-8C01-B74BB1A71071}.Release|Any CPU.Build.0 = Release|Any CPU
		{BBC72135-E992-4156-B711-F2A49E329636}.Debug|Any CPU.ActiveCfg = Debug|Any CPU
		{BBC72135-E992-4156-B711-F2A49E329636}.Debug|Any CPU.Build.0 = Debug|Any CPU
		{BBC72135-E992-4156-B711-F2A49E329636}.Release|Any CPU.ActiveCfg = Release|Any CPU
		{BBC72135-E992-4156-B711-F2A49E329636}.Release|Any CPU.Build.0 = Release|Any CPU
	EndGlobalSection
	GlobalSection(SolutionProperties) = preSolution
		HideSolutionNode = FALSE
	EndGlobalSection
	GlobalSection(NestedProjects) = preSolution
		{3F2DAC72-BE89-4010-A5CC-F5A5F8CB12BF} = {7F5129C0-F14F-414C-9A7A-6A50ACF93CA4}
		{72A396C5-8063-4287-B129-3F21D8540652} = {7F5129C0-F14F-414C-9A7A-6A50ACF93CA4}
		{E46C6F57-1E93-4EB2-93C4-6541DC39E082} = {7F5129C0-F14F-414C-9A7A-6A50ACF93CA4}
		{AD6803DF-974E-4C59-8117-87308A125719} = {8EF3D071-3951-49F4-B615-4AD1C61F0832}
		{0BAF8818-5AF6-4BCA-AFFE-5E22B9FC6628} = {8EF3D071-3951-49F4-B615-4AD1C61F0832}
		{401EA5A9-83F9-4E17-9B51-DA3528EEC5F9} = {8EF3D071-3951-49F4-B615-4AD1C61F0832}
		{5F0CACAC-E189-4467-96E9-658B17A1E8E6} = {9EC10928-B519-40F8-BB5E-454F2B65B137}
		{18D9CDD4-8822-4BE4-9A93-4026E6494116} = {9EC10928-B519-40F8-BB5E-454F2B65B137}
		{D1435D89-FFCD-4582-9751-751E40459E79} = {9EC10928-B519-40F8-BB5E-454F2B65B137}
		{51467331-EFF2-41F6-B6D6-D638CFAF95AC} = {EF7C1952-5E43-4D9C-BA0B-3226C5977D0B}
		{486655EC-E23A-4F54-9364-8E149FC3E5B4} = {EF7C1952-5E43-4D9C-BA0B-3226C5977D0B}
		{A32B2AB1-C7F5-4B43-98BE-876F8DC9F859} = {EF7C1952-5E43-4D9C-BA0B-3226C5977D0B}
		{5821973D-BB27-4B4E-971D-EE2A6EDA74B7} = {C6A82346-FC67-45AF-A36D-3D5CE587A566}
		{C6560FFD-12D6-472C-8A32-F818B9AEC1D2} = {C6A82346-FC67-45AF-A36D-3D5CE587A566}
		{05618CB7-58DA-4246-B374-8C2F1DF66A39} = {C6A82346-FC67-45AF-A36D-3D5CE587A566}
		{06B948A8-DCF1-4017-8E99-223EBA7C6894} = {DA8E5C57-3D8C-4596-9B9C-7A8ACA83FFE5}
		{37C75D10-7906-4E80-ACB0-FEDBAAD152A1} = {DA8E5C57-3D8C-4596-9B9C-7A8ACA83FFE5}
		{F9ADA156-0B34-4E6F-9DE4-24B0FCD662E3} = {DA8E5C57-3D8C-4596-9B9C-7A8ACA83FFE5}
		{44E3EE35-D3F6-4177-ACEA-7CC1767AFCD1} = {7859D374-B205-4EF5-B281-5F84FD041601}
		{1CA43A6A-546F-483E-9E9E-330975832C00} = {7859D374-B205-4EF5-B281-5F84FD041601}
		{714E3D48-A421-4012-8C01-B74BB1A71071} = {7859D374-B205-4EF5-B281-5F84FD041601}
		{BBC72135-E992-4156-B711-F2A49E329636} = {7859D374-B205-4EF5-B281-5F84FD041601}
	EndGlobalSection
	GlobalSection(ExtensibilityGlobals) = postSolution
		SolutionGuid = {2E72AF9F-7937-4AA4-98F9-963E116F80E7}
	EndGlobalSection
EndGlobal
